// !$*UTF8*$!
{
	archiveVersion = 1;
	classes = {
	};
	objectVersion = 56;
	objects = {

/* Begin PBXBuildFile section */
		2CA920BE29E28CD0005EF003 /* Mapper.m in Sources */ = {isa = PBXBuildFile; fileRef = 2CA920BD29E28CD0005EF003 /* Mapper.m */; };
		2CF615C029E1A42C005B1D92 /* AppDelegate.m in Sources */ = {isa = PBXBuildFile; fileRef = 2CF615BF29E1A42C005B1D92 /* AppDelegate.m */; };
		2CF615C329E1A42C005B1D92 /* SceneDelegate.m in Sources */ = {isa = PBXBuildFile; fileRef = 2CF615C229E1A42C005B1D92 /* SceneDelegate.m */; };
		2CF615C629E1A42C005B1D92 /* LoginViewController.m in Sources */ = {isa = PBXBuildFile; fileRef = 2CF615C529E1A42C005B1D92 /* LoginViewController.m */; };
		2CF615C929E1A42C005B1D92 /* Main.storyboard in Resources */ = {isa = PBXBuildFile; fileRef = 2CF615C729E1A42C005B1D92 /* Main.storyboard */; };
		2CF615CB29E1A42C005B1D92 /* Assets.xcassets in Resources */ = {isa = PBXBuildFile; fileRef = 2CF615CA29E1A42C005B1D92 /* Assets.xcassets */; };
		2CF615CE29E1A42C005B1D92 /* LaunchScreen.storyboard in Resources */ = {isa = PBXBuildFile; fileRef = 2CF615CC29E1A42C005B1D92 /* LaunchScreen.storyboard */; };
		2CF615D129E1A42C005B1D92 /* main.m in Sources */ = {isa = PBXBuildFile; fileRef = 2CF615D029E1A42C005B1D92 /* main.m */; };
		2CF615D929E1B28B005B1D92 /* RegisterViewController.m in Sources */ = {isa = PBXBuildFile; fileRef = 2CF615D829E1B28B005B1D92 /* RegisterViewController.m */; };
		2CF615DC29E1B3F0005B1D92 /* UserData.m in Sources */ = {isa = PBXBuildFile; fileRef = 2CF615DB29E1B3F0005B1D92 /* UserData.m */; };
		B8B27CA4914844234DF185B7 /* Pods_SQLLiteAndFMDB.framework in Frameworks */ = {isa = PBXBuildFile; fileRef = 8B6B405D351ABD469B623DCD /* Pods_SQLLiteAndFMDB.framework */; };
/* End PBXBuildFile section */

/* Begin PBXFileReference section */
		1AD8126CE5F30C1055EFF3B6 /* Pods-SQLLiteAndFMDB.release.xcconfig */ = {isa = PBXFileReference; includeInIndex = 1; lastKnownFileType = text.xcconfig; name = "Pods-SQLLiteAndFMDB.release.xcconfig"; path = "Target Support Files/Pods-SQLLiteAndFMDB/Pods-SQLLiteAndFMDB.release.xcconfig"; sourceTree = "<group>"; };
		2CA920BC29E28CD0005EF003 /* Mapper.h */ = {isa = PBXFileReference; lastKnownFileType = sourcecode.c.h; path = Mapper.h; sourceTree = "<group>"; };
		2CA920BD29E28CD0005EF003 /* Mapper.m */ = {isa = PBXFileReference; lastKnownFileType = sourcecode.c.objc; path = Mapper.m; sourceTree = "<group>"; };
		2CF615BB29E1A42C005B1D92 /* SQLLiteAndFMDB.app */ = {isa = PBXFileReference; explicitFileType = wrapper.application; includeInIndex = 0; path = SQLLiteAndFMDB.app; sourceTree = BUILT_PRODUCTS_DIR; };
		2CF615BE29E1A42C005B1D92 /* AppDelegate.h */ = {isa = PBXFileReference; lastKnownFileType = sourcecode.c.h; path = AppDelegate.h; sourceTree = "<group>"; };
		2CF615BF29E1A42C005B1D92 /* AppDelegate.m */ = {isa = PBXFileReference; lastKnownFileType = sourcecode.c.objc; path = AppDelegate.m; sourceTree = "<group>"; };
		2CF615C129E1A42C005B1D92 /* SceneDelegate.h */ = {isa = PBXFileReference; lastKnownFileType = sourcecode.c.h; path = SceneDelegate.h; sourceTree = "<group>"; };
		2CF615C229E1A42C005B1D92 /* SceneDelegate.m */ = {isa = PBXFileReference; lastKnownFileType = sourcecode.c.objc; path = SceneDelegate.m; sourceTree = "<group>"; };
		2CF615C429E1A42C005B1D92 /* LoginViewController.h */ = {isa = PBXFileReference; lastKnownFileType = sourcecode.c.h; path = LoginViewController.h; sourceTree = "<group>"; };
		2CF615C529E1A42C005B1D92 /* LoginViewController.m */ = {isa = PBXFileReference; lastKnownFileType = sourcecode.c.objc; path = LoginViewController.m; sourceTree = "<group>"; };
		2CF615C829E1A42C005B1D92 /* Base */ = {isa = PBXFileReference; lastKnownFileType = file.storyboard; name = Base; path = Base.lproj/Main.storyboard; sourceTree = "<group>"; };
		2CF615CA29E1A42C005B1D92 /* Assets.xcassets */ = {isa = PBXFileReference; lastKnownFileType = folder.assetcatalog; path = Assets.xcassets; sourceTree = "<group>"; };
		2CF615CD29E1A42C005B1D92 /* Base */ = {isa = PBXFileReference; lastKnownFileType = file.storyboard; name = Base; path = Base.lproj/LaunchScreen.storyboard; sourceTree = "<group>"; };
		2CF615CF29E1A42C005B1D92 /* Info.plist */ = {isa = PBXFileReference; lastKnownFileType = text.plist.xml; path = Info.plist; sourceTree = "<group>"; };
		2CF615D029E1A42C005B1D92 /* main.m */ = {isa = PBXFileReference; lastKnownFileType = sourcecode.c.objc; path = main.m; sourceTree = "<group>"; };
		2CF615D729E1B28B005B1D92 /* RegisterViewController.h */ = {isa = PBXFileReference; lastKnownFileType = sourcecode.c.h; path = RegisterViewController.h; sourceTree = "<group>"; };
		2CF615D829E1B28B005B1D92 /* RegisterViewController.m */ = {isa = PBXFileReference; lastKnownFileType = sourcecode.c.objc; path = RegisterViewController.m; sourceTree = "<group>"; };
		2CF615DA29E1B3F0005B1D92 /* UserData.h */ = {isa = PBXFileReference; lastKnownFileType = sourcecode.c.h; path = UserData.h; sourceTree = "<group>"; };
		2CF615DB29E1B3F0005B1D92 /* UserData.m */ = {isa = PBXFileReference; lastKnownFileType = sourcecode.c.objc; path = UserData.m; sourceTree = "<group>"; };
		8B6B405D351ABD469B623DCD /* Pods_SQLLiteAndFMDB.framework */ = {isa = PBXFileReference; explicitFileType = wrapper.framework; includeInIndex = 0; path = Pods_SQLLiteAndFMDB.framework; sourceTree = BUILT_PRODUCTS_DIR; };
		F30EB30214390792352AF990 /* Pods-SQLLiteAndFMDB.debug.xcconfig */ = {isa = PBXFileReference; includeInIndex = 1; lastKnownFileType = text.xcconfig; name = "Pods-SQLLiteAndFMDB.debug.xcconfig"; path = "Target Support Files/Pods-SQLLiteAndFMDB/Pods-SQLLiteAndFMDB.debug.xcconfig"; sourceTree = "<group>"; };
/* End PBXFileReference section */

/* Begin PBXFrameworksBuildPhase section */
		2CF615B829E1A42C005B1D92 /* Frameworks */ = {
			isa = PBXFrameworksBuildPhase;
			buildActionMask = 2147483647;
			files = (
				B8B27CA4914844234DF185B7 /* Pods_SQLLiteAndFMDB.framework in Frameworks */,
			);
			runOnlyForDeploymentPostprocessing = 0;
		};
/* End PBXFrameworksBuildPhase section */

/* Begin PBXGroup section */
		2CF615B229E1A42C005B1D92 = {
			isa = PBXGroup;
			children = (
				2CF615BD29E1A42C005B1D92 /* SQLLiteAndFMDB */,
				2CF615BC29E1A42C005B1D92 /* Products */,
				F16475BE0F2BA6B92A9B30D1 /* Pods */,
				6ACD66B3F14DF445E454A85D /* Frameworks */,
			);
			sourceTree = "<group>";
		};
		2CF615BC29E1A42C005B1D92 /* Products */ = {
			isa = PBXGroup;
			children = (
				2CF615BB29E1A42C005B1D92 /* SQLLiteAndFMDB.app */,
			);
			name = Products;
			sourceTree = "<group>";
		};
		2CF615BD29E1A42C005B1D92 /* SQLLiteAndFMDB */ = {
			isa = PBXGroup;
			children = (
				2CF615BE29E1A42C005B1D92 /* AppDelegate.h */,
				2CF615BF29E1A42C005B1D92 /* AppDelegate.m */,
				2CF615C129E1A42C005B1D92 /* SceneDelegate.h */,
				2CF615C229E1A42C005B1D92 /* SceneDelegate.m */,
				2CF615DA29E1B3F0005B1D92 /* UserData.h */,
				2CF615DB29E1B3F0005B1D92 /* UserData.m */,
				2CA920BC29E28CD0005EF003 /* Mapper.h */,
				2CA920BD29E28CD0005EF003 /* Mapper.m */,
				2CF615C429E1A42C005B1D92 /* LoginViewController.h */,
				2CF615C529E1A42C005B1D92 /* LoginViewController.m */,
				2CF615D729E1B28B005B1D92 /* RegisterViewController.h */,
				2CF615D829E1B28B005B1D92 /* RegisterViewController.m */,
				2CF615C729E1A42C005B1D92 /* Main.storyboard */,
				2CF615CA29E1A42C005B1D92 /* Assets.xcassets */,
				2CF615CC29E1A42C005B1D92 /* LaunchScreen.storyboard */,
				2CF615CF29E1A42C005B1D92 /* Info.plist */,
				2CF615D029E1A42C005B1D92 /* main.m */,
			);
			path = SQLLiteAndFMDB;
			sourceTree = "<group>";
		};
		6ACD66B3F14DF445E454A85D /* Frameworks */ = {
			isa = PBXGroup;
			children = (
				8B6B405D351ABD469B623DCD /* Pods_SQLLiteAndFMDB.framework */,
			);
			name = Frameworks;
			sourceTree = "<group>";
		};
		F16475BE0F2BA6B92A9B30D1 /* Pods */ = {
			isa = PBXGroup;
			children = (
				F30EB30214390792352AF990 /* Pods-SQLLiteAndFMDB.debug.xcconfig */,
				1AD8126CE5F30C1055EFF3B6 /* Pods-SQLLiteAndFMDB.release.xcconfig */,
			);
			path = Pods;
			sourceTree = "<group>";
		};
/* End PBXGroup section */

/* Begin PBXNativeTarget section */
		2CF615BA29E1A42C005B1D92 /* SQLLiteAndFMDB */ = {
			isa = PBXNativeTarget;
			buildConfigurationList = 2CF615D429E1A42C005B1D92 /* Build configuration list for PBXNativeTarget "SQLLiteAndFMDB" */;
			buildPhases = (
				D93A48F6399D3B29108B0F58 /* [CP] Check Pods Manifest.lock */,
				2CF615B729E1A42C005B1D92 /* Sources */,
				2CF615B829E1A42C005B1D92 /* Frameworks */,
				2CF615B929E1A42C005B1D92 /* Resources */,
				3DB63DAC8CD73DC45A91EB16 /* [CP] Embed Pods Frameworks */,
			);
			buildRules = (
			);
			dependencies = (
			);
			name = SQLLiteAndFMDB;
			productName = SQLLiteAndFMDB;
			productReference = 2CF615BB29E1A42C005B1D92 /* SQLLiteAndFMDB.app */;
			productType = "com.apple.product-type.application";
		};
/* End PBXNativeTarget section */

/* Begin PBXProject section */
		2CF615B329E1A42C005B1D92 /* Project object */ = {
			isa = PBXProject;
			attributes = {
				BuildIndependentTargetsInParallel = 1;
				LastUpgradeCheck = 1430;
				TargetAttributes = {
					2CF615BA29E1A42C005B1D92 = {
						CreatedOnToolsVersion = 14.3;
					};
				};
			};
			buildConfigurationList = 2CF615B629E1A42C005B1D92 /* Build configuration list for PBXProject "SQLLiteAndFMDB" */;
			compatibilityVersion = "Xcode 14.0";
			developmentRegion = en;
			hasScannedForEncodings = 0;
			knownRegions = (
				en,
				Base,
			);
			mainGroup = 2CF615B229E1A42C005B1D92;
			productRefGroup = 2CF615BC29E1A42C005B1D92 /* Products */;
			projectDirPath = "";
			projectRoot = "";
			targets = (
				2CF615BA29E1A42C005B1D92 /* SQLLiteAndFMDB */,
			);
		};
/* End PBXProject section */

/* Begin PBXResourcesBuildPhase section */
		2CF615B929E1A42C005B1D92 /* Resources */ = {
			isa = PBXResourcesBuildPhase;
			buildActionMask = 2147483647;
			files = (
				2CF615CE29E1A42C005B1D92 /* LaunchScreen.storyboard in Resources */,
				2CF615CB29E1A42C005B1D92 /* Assets.xcassets in Resources */,
				2CF615C929E1A42C005B1D92 /* Main.storyboard in Resources */,
			);
			runOnlyForDeploymentPostprocessing = 0;
		};
/* End PBXResourcesBuildPhase section */

/* Begin PBXShellScriptBuildPhase section */
		3DB63DAC8CD73DC45A91EB16 /* [CP] Embed Pods Frameworks */ = {
			isa = PBXShellScriptBuildPhase;
			buildActionMask = 2147483647;
			files = (
			);
			inputFileListPaths = (
				"${PODS_ROOT}/Target Support Files/Pods-SQLLiteAndFMDB/Pods-SQLLiteAndFMDB-frameworks-${CONFIGURATION}-input-files.xcfilelist",
			);
			name = "[CP] Embed Pods Frameworks";
			outputFileListPaths = (
				"${PODS_ROOT}/Target Support Files/Pods-SQLLiteAndFMDB/Pods-SQLLiteAndFMDB-frameworks-${CONFIGURATION}-output-files.xcfilelist",
			);
			runOnlyForDeploymentPostprocessing = 0;
			shellPath = /bin/sh;
			shellScript = "\"${PODS_ROOT}/Target Support Files/Pods-SQLLiteAndFMDB/Pods-SQLLiteAndFMDB-frameworks.sh\"\n";
			showEnvVarsInLog = 0;
		};
		D93A48F6399D3B29108B0F58 /* [CP] Check Pods Manifest.lock */ = {
			isa = PBXShellScriptBuildPhase;
			buildActionMask = 2147483647;
			files = (
			);
			inputFileListPaths = (
			);
			inputPaths = (
				"${PODS_PODFILE_DIR_PATH}/Podfile.lock",
				"${PODS_ROOT}/Manifest.lock",
			);
			name = "[CP] Check Pods Manifest.lock";
			outputFileListPaths = (
			);
			outputPaths = (
				"$(DERIVED_FILE_DIR)/Pods-SQLLiteAndFMDB-checkManifestLockResult.txt",
			);
			runOnlyForDeploymentPostprocessing = 0;
			shellPath = /bin/sh;
			shellScript = "diff \"${PODS_PODFILE_DIR_PATH}/Podfile.lock\" \"${PODS_ROOT}/Manifest.lock\" > /dev/null\nif [ $? != 0 ] ; then\n    # print error to STDERR\n    echo \"error: The sandbox is not in sync with the Podfile.lock. Run 'pod install' or update your CocoaPods installation.\" >&2\n    exit 1\nfi\n# This output is used by Xcode 'outputs' to avoid re-running this script phase.\necho \"SUCCESS\" > \"${SCRIPT_OUTPUT_FILE_0}\"\n";
			showEnvVarsInLog = 0;
		};
/* End PBXShellScriptBuildPhase section */

/* Begin PBXSourcesBuildPhase section */
		2CF615B729E1A42C005B1D92 /* Sources */ = {
			isa = PBXSourcesBuildPhase;
			buildActionMask = 2147483647;
			files = (
				2CA920BE29E28CD0005EF003 /* Mapper.m in Sources */,
				2CF615D929E1B28B005B1D92 /* RegisterViewController.m in Sources */,
				2CF615C629E1A42C005B1D92 /* LoginViewController.m in Sources */,
				2CF615C029E1A42C005B1D92 /* AppDelegate.m in Sources */,
				2CF615D129E1A42C005B1D92 /* main.m in Sources */,
				2CF615DC29E1B3F0005B1D92 /* UserData.m in Sources */,
				2CF615C329E1A42C005B1D92 /* SceneDelegate.m in Sources */,
			);
			runOnlyForDeploymentPostprocessing = 0;
		};
/* End PBXSourcesBuildPhase section */

/* Begin PBXVariantGroup section */
		2CF615C729E1A42C005B1D92 /* Main.storyboard */ = {
			isa = PBXVariantGroup;
			children = (
				2CF615C829E1A42C005B1D92 /* Base */,
			);
			name = Main.storyboard;
			sourceTree = "<group>";
		};
		2CF615CC29E1A42C005B1D92 /* LaunchScreen.storyboard */ = {
			isa = PBXVariantGroup;
			children = (
				2CF615CD29E1A42C005B1D92 /* Base */,
			);
			name = LaunchScreen.storyboard;
			sourceTree = "<group>";
		};
/* End PBXVariantGroup section */

/* Begin XCBuildConfiguration section */
		2CF615D229E1A42C005B1D92 /* Debug */ = {
			isa = XCBuildConfiguration;
			buildSettings = {
				ALWAYS_SEARCH_USER_PATHS = NO;
				CLANG_ANALYZER_NONNULL = YES;
				CLANG_ANALYZER_NUMBER_OBJECT_CONVERSION = YES_AGGRESSIVE;
				CLANG_CXX_LANGUAGE_STANDARD = "gnu++20";
				CLANG_ENABLE_MODULES = YES;
				CLANG_ENABLE_OBJC_ARC = YES;
				CLANG_ENABLE_OBJC_WEAK = YES;
				CLANG_WARN_BLOCK_CAPTURE_AUTORELEASING = YES;
				CLANG_WARN_BOOL_CONVERSION = YES;
				CLANG_WARN_COMMA = YES;
				CLANG_WARN_CONSTANT_CONVERSION = YES;
				CLANG_WARN_DEPRECATED_OBJC_IMPLEMENTATIONS = YES;
				CLANG_WARN_DIRECT_OBJC_ISA_USAGE = YES_ERROR;
				CLANG_WARN_DOCUMENTATION_COMMENTS = YES;
				CLANG_WARN_EMPTY_BODY = YES;
				CLANG_WARN_ENUM_CONVERSION = YES;
				CLANG_WARN_INFINITE_RECURSION = YES;
				CLANG_WARN_INT_CONVERSION = YES;
				CLANG_WARN_NON_LITERAL_NULL_CONVERSION = YES;
				CLANG_WARN_OBJC_IMPLICIT_RETAIN_SELF = YES;
				CLANG_WARN_OBJC_LITERAL_CONVERSION = YES;
				CLANG_WARN_OBJC_ROOT_CLASS = YES_ERROR;
				CLANG_WARN_QUOTED_INCLUDE_IN_FRAMEWORK_HEADER = YES;
				CLANG_WARN_RANGE_LOOP_ANALYSIS = YES;
				CLANG_WARN_STRICT_PROTOTYPES = YES;
				CLANG_WARN_SUSPICIOUS_MOVE = YES;
				CLANG_WARN_UNGUARDED_AVAILABILITY = YES_AGGRESSIVE;
				CLANG_WARN_UNREACHABLE_CODE = YES;
				CLANG_WARN__DUPLICATE_METHOD_MATCH = YES;
				COPY_PHASE_STRIP = NO;
				DEBUG_INFORMATION_FORMAT = dwarf;
				ENABLE_STRICT_OBJC_MSGSEND = YES;
				ENABLE_TESTABILITY = YES;
				GCC_C_LANGUAGE_STANDARD = gnu11;
				GCC_DYNAMIC_NO_PIC = NO;
				GCC_NO_COMMON_BLOCKS = YES;
				GCC_OPTIMIZATION_LEVEL = 0;
				GCC_PREPROCESSOR_DEFINITIONS = (
					"DEBUG=1",
					"$(inherited)",
				);
				GCC_WARN_64_TO_32_BIT_CONVERSION = YES;
				GCC_WARN_ABOUT_RETURN_TYPE = YES_ERROR;
				GCC_WARN_UNDECLARED_SELECTOR = YES;
				GCC_WARN_UNINITIALIZED_AUTOS = YES_AGGRESSIVE;
				GCC_WARN_UNUSED_FUNCTION = YES;
				GCC_WARN_UNUSED_VARIABLE = YES;
				IPHONEOS_DEPLOYMENT_TARGET = 16.4;
				MTL_ENABLE_DEBUG_INFO = INCLUDE_SOURCE;
				MTL_FAST_MATH = YES;
				ONLY_ACTIVE_ARCH = YES;
				SDKROOT = iphoneos;
			};
			name = Debug;
		};
		2CF615D329E1A42C005B1D92 /* Release */ = {
			isa = XCBuildConfiguration;
			buildSettings = {
				ALWAYS_SEARCH_USER_PATHS = NO;
				CLANG_ANALYZER_NONNULL = YES;
				CLANG_ANALYZER_NUMBER_OBJECT_CONVERSION = YES_AGGRESSIVE;
				CLANG_CXX_LANGUAGE_STANDARD = "gnu++20";
				CLANG_ENABLE_MODULES = YES;
				CLANG_ENABLE_OBJC_ARC = YES;
				CLANG_ENABLE_OBJC_WEAK = YES;
				CLANG_WARN_BLOCK_CAPTURE_AUTORELEASING = YES;
				CLANG_WARN_BOOL_CONVERSION = YES;
				CLANG_WARN_COMMA = YES;
				CLANG_WARN_CONSTANT_CONVERSION = YES;
				CLANG_WARN_DEPRECATED_OBJC_IMPLEMENTATIONS = YES;
				CLANG_WARN_DIRECT_OBJC_ISA_USAGE = YES_ERROR;
				CLANG_WARN_DOCUMENTATION_COMMENTS = YES;
				CLANG_WARN_EMPTY_BODY = YES;
				CLANG_WARN_ENUM_CONVERSION = YES;
				CLANG_WARN_INFINITE_RECURSION = YES;
				CLANG_WARN_INT_CONVERSION = YES;
				CLANG_WARN_NON_LITERAL_NULL_CONVERSION = YES;
				CLANG_WARN_OBJC_IMPLICIT_RETAIN_SELF = YES;
				CLANG_WARN_OBJC_LITERAL_CONVERSION = YES;
				CLANG_WARN_OBJC_ROOT_CLASS = YES_ERROR;
				CLANG_WARN_QUOTED_INCLUDE_IN_FRAMEWORK_HEADER = YES;
				CLANG_WARN_RANGE_LOOP_ANALYSIS = YES;
				CLANG_WARN_STRICT_PROTOTYPES = YES;
				CLANG_WARN_SUSPICIOUS_MOVE = YES;
				CLANG_WARN_UNGUARDED_AVAILABILITY = YES_AGGRESSIVE;
				CLANG_WARN_UNREACHABLE_CODE = YES;
				CLANG_WARN__DUPLICATE_METHOD_MATCH = YES;
				COPY_PHASE_STRIP = NO;
				DEBUG_INFORMATION_FORMAT = "dwarf-with-dsym";
				ENABLE_NS_ASSERTIONS = NO;
				ENABLE_STRICT_OBJC_MSGSEND = YES;
				GCC_C_LANGUAGE_STANDARD = gnu11;
				GCC_NO_COMMON_BLOCKS = YES;
				GCC_WARN_64_TO_32_BIT_CONVERSION = YES;
				GCC_WARN_ABOUT_RETURN_TYPE = YES_ERROR;
				GCC_WARN_UNDECLARED_SELECTOR = YES;
				GCC_WARN_UNINITIALIZED_AUTOS = YES_AGGRESSIVE;
				GCC_WARN_UNUSED_FUNCTION = YES;
				GCC_WARN_UNUSED_VARIABLE = YES;
				IPHONEOS_DEPLOYMENT_TARGET = 16.4;
				MTL_ENABLE_DEBUG_INFO = NO;
				MTL_FAST_MATH = YES;
				SDKROOT = iphoneos;
				VALIDATE_PRODUCT = YES;
			};
			name = Release;
		};
		2CF615D529E1A42C005B1D92 /* Debug */ = {
			isa = XCBuildConfiguration;
			baseConfigurationReference = F30EB30214390792352AF990 /* Pods-SQLLiteAndFMDB.debug.xcconfig */;
			buildSettings = {
				ASSETCATALOG_COMPILER_APPICON_NAME = AppIcon;
				ASSETCATALOG_COMPILER_GLOBAL_ACCENT_COLOR_NAME = AccentColor;
				CODE_SIGN_STYLE = Automatic;
				CURRENT_PROJECT_VERSION = 1;
				DEVELOPMENT_TEAM = 744AU6V954;
				GENERATE_INFOPLIST_FILE = YES;
				INFOPLIST_FILE = SQLLiteAndFMDB/Info.plist;
				INFOPLIST_KEY_UIApplicationSupportsIndirectInputEvents = YES;
				INFOPLIST_KEY_UILaunchStoryboardName = LaunchScreen;
				INFOPLIST_KEY_UIMainStoryboardFile = Main;
				INFOPLIST_KEY_UISupportedInterfaceOrientations = UIInterfaceOrientationPortrait;
				INFOPLIST_KEY_UISupportedInterfaceOrientations_iPad = "UIInterfaceOrientationLandscapeLeft UIInterfaceOrientationPortrait";
				IPHONEOS_DEPLOYMENT_TARGET = 13.0;
				LD_RUNPATH_SEARCH_PATHS = (
					"$(inherited)",
					"@executable_path/Frameworks",
				);
				MARKETING_VERSION = 1.0;
				PRODUCT_BUNDLE_IDENTIFIER = itYan.SQLLiteAndFMDB;
				PRODUCT_NAME = "$(TARGET_NAME)";
				SWIFT_EMIT_LOC_STRINGS = YES;
				TARGETED_DEVICE_FAMILY = "1,2";
			};
			name = Debug;
		};
		2CF615D629E1A42C005B1D92 /* Release */ = {
			isa = XCBuildConfiguration;
			baseConfigurationReference = 1AD8126CE5F30C1055EFF3B6 /* Pods-SQLLiteAndFMDB.release.xcconfig */;
			buildSettings = {
				ASSETCATALOG_COMPILER_APPICON_NAME = AppIcon;
				ASSETCATALOG_COMPILER_GLOBAL_ACCENT_COLOR_NAME = AccentColor;
				CODE_SIGN_STYLE = Automatic;
				CURRENT_PROJECT_VERSION = 1;
				DEVELOPMENT_TEAM = 744AU6V954;
				GENERATE_INFOPLIST_FILE = YES;
				INFOPLIST_FILE = SQLLiteAndFMDB/Info.plist;
				INFOPLIST_KEY_UIApplicationSupportsIndirectInputEvents = YES;
				INFOPLIST_KEY_UILaunchStoryboardName = LaunchScreen;
				INFOPLIST_KEY_UIMainStoryboardFile = Main;
				INFOPLIST_KEY_UISupportedInterfaceOrientations = UIInterfaceOrientationPortrait;
				INFOPLIST_KEY_UISupportedInterfaceOrientations_iPad = "UIInterfaceOrientationLandscapeLeft UIInterfaceOrientationPortrait";
				IPHONEOS_DEPLOYMENT_TARGET = 13.0;
				LD_RUNPATH_SEARCH_PATHS = (
					"$(inherited)",
					"@executable_path/Frameworks",
				);
				MARKETING_VERSION = 1.0;
				PRODUCT_BUNDLE_IDENTIFIER = itYan.SQLLiteAndFMDB;
				PRODUCT_NAME = "$(TARGET_NAME)";
				SWIFT_EMIT_LOC_STRINGS = YES;
				TARGETED_DEVICE_FAMILY = "1,2";
			};
			name = Release;
		};
/* End XCBuildConfiguration section */

/* Begin XCConfigurationList section */
		2CF615B629E1A42C005B1D92 /* Build configuration list for PBXProject "SQLLiteAndFMDB" */ = {
			isa = XCConfigurationList;
			buildConfigurations = (
				2CF615D229E1A42C005B1D92 /* Debug */,
				2CF615D329E1A42C005B1D92 /* Release */,
			);
			defaultConfigurationIsVisible = 0;
			defaultConfigurationName = Release;
		};
		2CF615D429E1A42C005B1D92 /* Build configuration list for PBXNativeTarget "SQLLiteAndFMDB" */ = {
			isa = XCConfigurationList;
			buildConfigurations = (
				2CF615D529E1A42C005B1D92 /* Debug */,
				2CF615D629E1A42C005B1D92 /* Release */,
			);
			defaultConfigurationIsVisible = 0;
			defaultConfigurationName = Release;
		};
/* End XCConfigurationList section */
	};
	rootObject = 2CF615B329E1A42C005B1D92 /* Project object */;
}
